
Microsoft Visual Studio Solution File, Format Version 12.00
# Visual Studio Version 17
VisualStudioVersion = 17.1.32228.430
MinimumVisualStudioVersion = 10.0.40219.1
Project("{FAE04EC0-301F-11D3-BF4B-00C04F79EFBC}") = "Globoticket.Web", "Globoticket.Web\Globoticket.Web.csproj", "{9C793BB3-239B-40DD-B564-4DF32897E6BD}"
EndProject
Global
	GlobalSection(SolutionConfigurationPlatforms) = preSolution
		Debug|Any CPU = Debug|Any CPU
		Release|Any CPU = Release|Any CPU
	EndGlobalSection
	GlobalSection(ProjectConfigurationPlatforms) = postSolution
		{9C793BB3-239B-40DD-B564-4DF32897E6BD}.Debug|Any CPU.ActiveCfg = Debug|Any CPU
		{9C793BB3-239B-40DD-B564-4DF32897E6BD}.Debug|Any CPU.Build.0 = Debug|Any CPU
		{9C793BB3-239B-40DD-B564-4DF32897E6BD}.Release|Any CPU.ActiveCfg = Release|Any CPU
		{9C793BB3-239B-40DD-B564-4DF32897E6BD}.Release|Any CPU.Build.0 = Release|Any CPU
	EndGlobalSection
	GlobalSection(SolutionProperties) = preSolution
		HideSolutionNode = FALSE
	EndGlobalSection
	GlobalSection(ExtensibilityGlobals) = postSolution
		SolutionGuid = {D135F683-35EF-42C5-8318-C8CB09A336B9}
	EndGlobalSection
EndGlobal
